
Microsoft Visual Studio Solution File, Format Version 12.00
# Visual Studio 15
VisualStudioVersion = 15.0.28307.329
MinimumVisualStudioVersion = 10.0.40219.1
Project("{FAE04EC0-301F-11D3-BF4B-00C04F79EFBC}") = "WebApplication1", "WebApplication1\WebApplication1.csproj", "{51110CDC-8FD8-40FB-A14C-805B463A5C80}"
EndProject
Global
	GlobalSection(SolutionConfigurationPlatforms) = preSolution
		Debug|Any CPU = Debug|Any CPU
		Release|Any CPU = Release|Any CPU
	EndGlobalSection
	GlobalSection(ProjectConfigurationPlatforms) = postSolution
		{51110CDC-8FD8-40FB-A14C-805B463A5C80}.Debug|Any CPU.ActiveCfg = Debug|Any CPU
		{51110CDC-8FD8-40FB-A14C-805B463A5C80}.Debug|Any CPU.Build.0 = Debug|Any CPU
		{51110CDC-8FD8-40FB-A14C-805B463A5C80}.Release|Any CPU.ActiveCfg = Release|Any CPU
		{51110CDC-8FD8-40FB-A14C-805B463A5C80}.Release|Any CPU.Build.0 = Release|Any CPU
	EndGlobalSection
	GlobalSection(SolutionProperties) = preSolution
		HideSolutionNode = FALSE
	EndGlobalSection
	GlobalSection(ExtensibilityGlobals) = postSolution
		SolutionGuid = {4F373DC1-3181-4D68-A8BD-7A611B3E2193}
	EndGlobalSection
EndGlobal
